hash: feb1a5a5f431e58c0be473c65cbf699e4bad62eb3fe9ed13c8c6f92a56923dfc
updated: 2017-02-12T23:41:53.844811603-07:00
imports:
- name: github.com/docker/distribution
  version: b1993c95303df3d0214129d85382c3c573e4df20
  subpackages:
  - digestset
  - reference
- name: github.com/docker/docker
  version: 092cba3727bb9b4a2f0e922cd6c0f93ea270e363
  subpackages:
  - api/types
  - api/types/blkiodev
  - api/types/container
  - api/types/events
  - api/types/filters
  - api/types/mount
  - api/types/network
  - api/types/reference
  - api/types/registry
  - api/types/strslice
  - api/types/swarm
  - api/types/time
  - api/types/versions
  - api/types/volume
  - client
  - pkg/tlsconfig
- name: github.com/docker/go-connections
  version: 7da10c8c50cad14494ec818dcdfb6506265c0086
  subpackages:
  - nat
  - sockets
  - tlsconfig
- name: github.com/docker/go-units
  version: 0dadbb0345b35ec7ef35e228dabb8de89a65bf52
- name: github.com/kcmerrill/shutdown.go
  version: 908c645a50e570c7813e9fc79f5f1a0966f738e6
- name: github.com/Microsoft/go-winio
  version: fff283ad5116362ca252298cfc9b95828956d85d
- name: github.com/miekg/dns
  version: ea75cede31cf5d33bc900829220f911fbbdabde3
- name: github.com/opencontainers/go-digest
  version: aa2ec055abd10d26d539eb630a92241b781ce4bc
- name: github.com/pkg/errors
  version: 248dadf4e9068a0b3e79f02ed0a610d935de5302
- name: github.com/Sirupsen/logrus
  version: c078b1e43f58d563c74cebe63c85789e76ddb627
- name: github.com/xenolf/lego
  version: be23e242c130084523a262cd51c60af1a640391c
  subpackages:
  - acme
- name: golang.org/x/crypto
  version: 453249f01cfeb54c3d549ddb75ff152ca243f9d8
  subpackages:
  - ocsp
- name: golang.org/x/net
  version: 61557ac0112b576429a0df080e1c2cef5dfbb642
  subpackages:
  - context
  - context/ctxhttp
  - proxy
  - publicsuffix
- name: golang.org/x/sys
  version: aaabbdc969c3935a2a7f61efac801e7163c73a2a
  subpackages:
  - unix
  - windows
- name: golang.org/x/time
  version: f51c12702a4d776e4c1fa9b0fabab841babae631
  subpackages:
  - rate
- name: gopkg.in/square/go-jose.v1
  version: aa2e30fdd1fe9dd3394119af66451ae790d50e0d
  subpackages:
  - cipher
  - json
- name: rsc.io/letsencrypt
  version: 76104d26167d38b6a0010f42bfc8ec5487742e8b
testImports: []
