hash: ab66119832cf1e6a6d974d28a477aad85e621ba177383ecadeb420a85462ac4a
updated: 2018-01-16T11:45:09.405508-07:00
imports:
- name: github.com/docker/distribution
  version: 277ed486c948042cab91ad367c379524f3b25e18
  subpackages:
  - digestset
  - reference
- name: github.com/docker/docker
  version: 90d35abf7b3535c1c319c872900fbd76374e521c
  subpackages:
  - api
  - api/types
  - api/types/blkiodev
  - api/types/container
  - api/types/events
  - api/types/filters
  - api/types/image
  - api/types/mount
  - api/types/network
  - api/types/registry
  - api/types/strslice
  - api/types/swarm
  - api/types/time
  - api/types/versions
  - api/types/volume
  - client
  - pkg/ioutils
  - pkg/longpath
  - pkg/system
  - pkg/tlsconfig
- name: github.com/docker/go-connections
  version: 3ede32e2033de7505e6500d6c868c2b9ed9f169d
  subpackages:
  - nat
  - sockets
  - tlsconfig
- name: github.com/docker/go-units
  version: d59758554a3d3911fa25c0269de1ebe2f1912c39
- name: github.com/docker/libtrust
  version: aabc10ec26b754e797f9028f4589c5b7bd90dc20
- name: github.com/kcmerrill/shutdown.go
  version: 908c645a50e570c7813e9fc79f5f1a0966f738e6
- name: github.com/Microsoft/go-winio
  version: b7c3cf0d1286c7b62b140ed960a00b154c1b6fcc
- name: github.com/miekg/dns
  version: f5ac34d755eb6975958108413c7802a782ca16c8
- name: github.com/opencontainers/go-digest
  version: 279bed98673dd5bef374d3b6e4b09e2af76183bf
- name: github.com/pkg/errors
  version: e881fd58d78e04cf6d0de1217f8707c8cc2249bc
- name: github.com/Sirupsen/logrus
  version: d682213848ed68c0a260ca37d6dd5ace8423f5ba
  repo: git@github.com:/sirupsen/logrus
  vcs: git
- name: github.com/sirupsen/logrus
  version: d682213848ed68c0a260ca37d6dd5ace8423f5ba
- name: github.com/xenolf/lego
  version: cc326ce155a7916c7a784aafb3c845722a4da698
  subpackages:
  - acme
- name: golang.org/x/crypto
  version: 13931e22f9e72ea58bb73048bc752b48c6d4d4ac
  subpackages:
  - ed25519
  - ed25519/internal/edwards25519
  - ocsp
  - ssh/terminal
- name: golang.org/x/net
  version: 5ccada7d0a7ba9aeb5d3aca8d3501b4c2a509fec
  subpackages:
  - bpf
  - context
  - context/ctxhttp
  - internal/iana
  - internal/socket
  - ipv4
  - ipv6
  - proxy
- name: golang.org/x/sys
  version: fff93fa7cd278d84afc205751523809c464168ab
  subpackages:
  - unix
  - windows
- name: golang.org/x/time
  version: 6dc17368e09b0e8634d71cac8168d853e869a0c7
  subpackages:
  - rate
- name: gopkg.in/square/go-jose.v1
  version: aa2e30fdd1fe9dd3394119af66451ae790d50e0d
  subpackages:
  - cipher
  - json
- name: gopkg.in/yaml.v2
  version: d670f9405373e636a5a2765eea47fac0c9bc91a4
- name: rsc.io/letsencrypt
  version: 33926faef6d434b854ea994228f11d0185faa0c1
testImports: []
